
Microsoft Visual Studio Solution File, Format Version 12.00
# Visual Studio Version 17
VisualStudioVersion = 17.9.34607.119
MinimumVisualStudioVersion = 10.0.40219.1
Project("{FAE04EC0-301F-11D3-BF4B-00C04F79EFBC}") = "Consyl Lite", "Consyl Lite.csproj", "{A08CDC86-CCED-450D-90F8-C1E4312FF607}"
EndProject
Global
	GlobalSection(SolutionConfigurationPlatforms) = preSolution
		Debug|Any CPU = Debug|Any CPU
		Release|Any CPU = Release|Any CPU
	EndGlobalSection
	GlobalSection(ProjectConfigurationPlatforms) = postSolution
		{A08CDC86-CCED-450D-90F8-C1E4312FF607}.Debug|Any CPU.ActiveCfg = Debug|Any CPU
		{A08CDC86-CCED-450D-90F8-C1E4312FF607}.Debug|Any CPU.Build.0 = Debug|Any CPU
		{A08CDC86-CCED-450D-90F8-C1E4312FF607}.Release|Any CPU.ActiveCfg = Release|Any CPU
		{A08CDC86-CCED-450D-90F8-C1E4312FF607}.Release|Any CPU.Build.0 = Release|Any CPU
	EndGlobalSection
	GlobalSection(SolutionProperties) = preSolution
		HideSolutionNode = FALSE
	EndGlobalSection
	GlobalSection(ExtensibilityGlobals) = postSolution
		SolutionGuid = {55B0D100-330F-45DD-9F8F-EC36B913948B}
	EndGlobalSection
EndGlobal
